
Microsoft Visual Studio Solution File, Format Version 12.00
# Visual Studio 14
VisualStudioVersion = 14.0.25420.1
MinimumVisualStudioVersion = 10.0.40219.1
Project("{FAE04EC0-301F-11D3-BF4B-00C04F79EFBC}") = "TriangoloDiFloyd", "TriangoloDiFloyd\TriangoloDiFloyd.csproj", "{18ABFE6F-D2E8-41E4-BBC4-4F44186FC1FD}"
EndProject
Project("{FAE04EC0-301F-11D3-BF4B-00C04F79EFBC}") = "TemperatureAlteBasse", "TemperatureAlteBasse\TemperatureAlteBasse.csproj", "{C849CE19-4048-4DD1-9988-12262262792E}"
EndProject
Project("{FAE04EC0-301F-11D3-BF4B-00C04F79EFBC}") = "ValoreMinimoMassimoChiusoDalloZero", "ValoreMinimoMassimoChiusoDalloZero\ValoreMinimoMassimoChiusoDalloZero.csproj", "{8438D890-AE80-435C-A890-746098ED1109}"
EndProject
Project("{FAE04EC0-301F-11D3-BF4B-00C04F79EFBC}") = "QuadratoAsterischi", "QuadratoAsterischi\QuadratoAsterischi.csproj", "{7B8B0591-C1F3-44DC-A8AF-647E129F5717}"
EndProject
Project("{FAE04EC0-301F-11D3-BF4B-00C04F79EFBC}") = "RomboAsterischi", "RomboAsterischi\RomboAsterischi.csproj", "{4CB449C2-0536-4B2E-9272-02784FE5245F}"
EndProject
Project("{FAE04EC0-301F-11D3-BF4B-00C04F79EFBC}") = "QuadratoAsterischiVuoto", "QuadratoAsterischiVuoto\QuadratoAsterischiVuoto.csproj", "{92A0F25C-3B4B-4AE3-B4E6-428B586AC7CA}"
EndProject
Project("{FAE04EC0-301F-11D3-BF4B-00C04F79EFBC}") = "PariODispari", "..\EserciziarioCSharp\PariODispari\PariODispari.csproj", "{3E71283B-6D3C-4A3F-83F0-6442966173C5}"
EndProject
Project("{FAE04EC0-301F-11D3-BF4B-00C04F79EFBC}") = "OrdinaTreNumeriInOrdineCrescente", "..\EserciziarioCSharp\OrdinaTreNumeriInOrdineCrescente\OrdinaTreNumeriInOrdineCrescente.csproj", "{1DF710F7-8F7C-45AA-B6D3-6554474EA8A6}"
EndProject
Global
	GlobalSection(SolutionConfigurationPlatforms) = preSolution
		Debug|Any CPU = Debug|Any CPU
		Release|Any CPU = Release|Any CPU
	EndGlobalSection
	GlobalSection(ProjectConfigurationPlatforms) = postSolution
		{18ABFE6F-D2E8-41E4-BBC4-4F44186FC1FD}.Debug|Any CPU.ActiveCfg = Debug|Any CPU
		{18ABFE6F-D2E8-41E4-BBC4-4F44186FC1FD}.Debug|Any CPU.Build.0 = Debug|Any CPU
		{18ABFE6F-D2E8-41E4-BBC4-4F44186FC1FD}.Release|Any CPU.ActiveCfg = Release|Any CPU
		{18ABFE6F-D2E8-41E4-BBC4-4F44186FC1FD}.Release|Any CPU.Build.0 = Release|Any CPU
		{C849CE19-4048-4DD1-9988-12262262792E}.Debug|Any CPU.ActiveCfg = Debug|Any CPU
		{C849CE19-4048-4DD1-9988-12262262792E}.Debug|Any CPU.Build.0 = Debug|Any CPU
		{C849CE19-4048-4DD1-9988-12262262792E}.Release|Any CPU.ActiveCfg = Release|Any CPU
		{C849CE19-4048-4DD1-9988-12262262792E}.Release|Any CPU.Build.0 = Release|Any CPU
		{8438D890-AE80-435C-A890-746098ED1109}.Debug|Any CPU.ActiveCfg = Debug|Any CPU
		{8438D890-AE80-435C-A890-746098ED1109}.Debug|Any CPU.Build.0 = Debug|Any CPU
		{8438D890-AE80-435C-A890-746098ED1109}.Release|Any CPU.ActiveCfg = Release|Any CPU
		{8438D890-AE80-435C-A890-746098ED1109}.Release|Any CPU.Build.0 = Release|Any CPU
		{7B8B0591-C1F3-44DC-A8AF-647E129F5717}.Debug|Any CPU.ActiveCfg = Debug|Any CPU
		{7B8B0591-C1F3-44DC-A8AF-647E129F5717}.Debug|Any CPU.Build.0 = Debug|Any CPU
		{7B8B0591-C1F3-44DC-A8AF-647E129F5717}.Release|Any CPU.ActiveCfg = Release|Any CPU
		{7B8B0591-C1F3-44DC-A8AF-647E129F5717}.Release|Any CPU.Build.0 = Release|Any CPU
		{4CB449C2-0536-4B2E-9272-02784FE5245F}.Debug|Any CPU.ActiveCfg = Debug|Any CPU
		{4CB449C2-0536-4B2E-9272-02784FE5245F}.Debug|Any CPU.Build.0 = Debug|Any CPU
		{4CB449C2-0536-4B2E-9272-02784FE5245F}.Release|Any CPU.ActiveCfg = Release|Any CPU
		{4CB449C2-0536-4B2E-9272-02784FE5245F}.Release|Any CPU.Build.0 = Release|Any CPU
		{92A0F25C-3B4B-4AE3-B4E6-428B586AC7CA}.Debug|Any CPU.ActiveCfg = Debug|Any CPU
		{92A0F25C-3B4B-4AE3-B4E6-428B586AC7CA}.Debug|Any CPU.Build.0 = Debug|Any CPU
		{92A0F25C-3B4B-4AE3-B4E6-428B586AC7CA}.Release|Any CPU.ActiveCfg = Release|Any CPU
		{92A0F25C-3B4B-4AE3-B4E6-428B586AC7CA}.Release|Any CPU.Build.0 = Release|Any CPU
		{3E71283B-6D3C-4A3F-83F0-6442966173C5}.Debug|Any CPU.ActiveCfg = Debug|Any CPU
		{3E71283B-6D3C-4A3F-83F0-6442966173C5}.Debug|Any CPU.Build.0 = Debug|Any CPU
		{3E71283B-6D3C-4A3F-83F0-6442966173C5}.Release|Any CPU.ActiveCfg = Release|Any CPU
		{3E71283B-6D3C-4A3F-83F0-6442966173C5}.Release|Any CPU.Build.0 = Release|Any CPU
		{1DF710F7-8F7C-45AA-B6D3-6554474EA8A6}.Debug|Any CPU.ActiveCfg = Debug|Any CPU
		{1DF710F7-8F7C-45AA-B6D3-6554474EA8A6}.Debug|Any CPU.Build.0 = Debug|Any CPU
		{1DF710F7-8F7C-45AA-B6D3-6554474EA8A6}.Release|Any CPU.ActiveCfg = Release|Any CPU
		{1DF710F7-8F7C-45AA-B6D3-6554474EA8A6}.Release|Any CPU.Build.0 = Release|Any CPU
	EndGlobalSection
	GlobalSection(SolutionProperties) = preSolution
		HideSolutionNode = FALSE
	EndGlobalSection
EndGlobal
